
Microsoft Visual Studio Solution File, Format Version 12.00
# Visual Studio Version 17
VisualStudioVersion = 17.2.32526.322
MinimumVisualStudioVersion = 10.0.40219.1
Project("{FAE04EC0-301F-11D3-BF4B-00C04F79EFBC}") = "GitHubDotNetDeviceFlow", "GitHubDotNetDeviceFlow.csproj", "{478C17A0-1F4D-466F-8EA0-FFF9E6F1879B}"
EndProject
Global
	GlobalSection(SolutionConfigurationPlatforms) = preSolution
		Debug|Any CPU = Debug|Any CPU
		Release|Any CPU = Release|Any CPU
	EndGlobalSection
	GlobalSection(ProjectConfigurationPlatforms) = postSolution
		{478C17A0-1F4D-466F-8EA0-FFF9E6F1879B}.Debug|Any CPU.ActiveCfg = Debug|Any CPU
		{478C17A0-1F4D-466F-8EA0-FFF9E6F1879B}.Debug|Any CPU.Build.0 = Debug|Any CPU
		{478C17A0-1F4D-466F-8EA0-FFF9E6F1879B}.Release|Any CPU.ActiveCfg = Release|Any CPU
		{478C17A0-1F4D-466F-8EA0-FFF9E6F1879B}.Release|Any CPU.Build.0 = Release|Any CPU
	EndGlobalSection
	GlobalSection(SolutionProperties) = preSolution
		HideSolutionNode = FALSE
	EndGlobalSection
	GlobalSection(ExtensibilityGlobals) = postSolution
		SolutionGuid = {F373C028-5BF1-438A-9ECB-A41098505AAB}
	EndGlobalSection
EndGlobal
